PODS:
  - CocoaMQTT (2.0.7):
    - CocoaMQTT/Core (= 2.0.7)
  - CocoaMQTT/Core (2.0.7):
    - MqttCocoaAsyncSocket (~> 1.0.4)
  - GoogleMaps (6.2.1):
    - GoogleMaps/Maps (= 6.2.1)
  - GoogleMaps/Base (6.2.1)
  - GoogleMaps/Maps (6.2.1):
    - GoogleMaps/Base
  - MqttCocoaAsyncSocket (1.0.5)
  - PhraseSDK (3.0.1)
  - Starscream (4.0.4)

DEPENDENCIES:
  - CocoaMQTT (= 2.0.7)
  - GoogleMaps (= 6.2.1)
  - MqttCocoaAsyncSocket (= 1.0.5)
  - PhraseSDK (= 3.0.1)
  - Starscream (~> 4.0)

SPEC REPOS:
  trunk:
    - CocoaMQTT
    - GoogleMaps
    - MqttCocoaAsyncSocket
    - PhraseSDK
    - Starscream

SPEC CHECKSUMS:
  CocoaMQTT: 110537a309edcf582f38e95d7596101e0cfdca26
  GoogleMaps: 20d7b12be49a14287f797e88e0e31bc4156aaeb4
  MqttCocoaAsyncSocket: 0b49051bae06716f1c3fd744f3aa7383d3b31513
  PhraseSDK: ea6cc8b06523b228543bbf324dd982683c39931f
  Starscream: 5178aed56b316f13fa3bc55694e583d35dd414d9

PODFILE CHECKSUM: 721cc69757afa4adaebd3cc0e94da4004242be7a

COCOAPODS: 1.11.3
