PODS:
  - Alamofire (4.9.1)
  - AppCenter (4.3.0):
    - AppCenter/Analytics (= 4.3.0)
    - AppCenter/Crashes (= 4.3.0)
  - AppCenter/Analytics (4.3.0):
    - AppCenter/Core
  - AppCenter/Core (4.3.0)
  - AppCenter/Crashes (4.3.0):
    - AppCenter/Core
  - Bond (7.0.0):
    - Differ (~> 1.3)
    - ReactiveKit (~> 3.9)
  - Differ (1.4.5)
  - FloatingPanel (2.3.1)
  - ReactiveKit (3.17.4)
  - SnapKit (5.0.1)
  - SwiftProtobuf (1.18.0)
  - SwiftSoup (2.2.0)
  - Swinject (2.7.1)
  - SwinjectAutoregistration (2.7.0):
    - Swinject (~> 2.7)
  - youtube-ios-player-helper (0.1.6)
  - ZIPFoundation (0.9.12)

DEPENDENCIES:
  - Alamofire (~> 4.9.1)
  - AppCenter (~> 4.3)
  - Bond (~> 7.0.0)
  - FloatingPanel (~> 2.0)
  - SnapKit (~> 5.0)
  - SwiftProtobuf
  - SwiftSoup (= 2.2)
  - Swinject (~> 2.7)
  - SwinjectAutoregistration (~> 2.7)
  - youtube-ios-player-helper (from `https://github.com/youtube/youtube-ios-player-helper`, commit `5882789964ab7876c6a91dc905669535c0a90f92`)
  - ZIPFoundation (~> 0.9.12)

SPEC REPOS:
  trunk:
    - Alamofire
    - AppCenter
    - Bond
    - Differ
    - FloatingPanel
    - ReactiveKit
    - SnapKit
    - SwiftProtobuf
    - SwiftSoup
    - Swinject
    - SwinjectAutoregistration
    - ZIPFoundation

EXTERNAL SOURCES:
  youtube-ios-player-helper:
    :commit: 5882789964ab7876c6a91dc905669535c0a90f92
    :git: https://github.com/youtube/youtube-ios-player-helper

CHECKOUT OPTIONS:
  youtube-ios-player-helper:
    :commit: 5882789964ab7876c6a91dc905669535c0a90f92
    :git: https://github.com/youtube/youtube-ios-player-helper

SPEC CHECKSUMS:
  Alamofire: 85e8a02c69d6020a0d734f6054870d7ecb75cf18
  AppCenter: 883369ab78427b0561c688158d689dfe1f993ea9
  Bond: 7928751991aee53c1b746e82735a7214db2cb09f
  Differ: 3b6bd78e2b20cc795d9a86f7641d087524e4273e
  FloatingPanel: fb9fd997f369e1f5f350d8bab41527c8d6fe2e0d
  ReactiveKit: f9f9e079efa39312c597bf1508ef4810d111ce76
  SnapKit: 97b92857e3df3a0c71833cce143274bf6ef8e5eb
  SwiftProtobuf: c3c12645230d9b09c72267e0de89468c5543bd86
  SwiftSoup: 230991361c5ba249d140161860a3864a28b63860
  Swinject: ddf78b8486dd9b71a667b852cad919ab4484478e
  SwinjectAutoregistration: 330f5012642a8b5c89a8a4adb0c5e52df07382c0
  youtube-ios-player-helper: 360b2f7b9d9b5fbab912ab06174cd21a10bdb9c4
  ZIPFoundation: e27423c004a5a1410c15933407747374e7c6cb6e

PODFILE CHECKSUM: f8e2bdf8123df5a2d3792e290ba29afa77d6415a

COCOAPODS: 1.11.2
